# THIS IS AN AUTOGENERATED FILE. DO NOT EDIT THIS FILE DIRECTLY.
# yarn lockfile v1


bs-platform@^5.2.1:
  version "5.2.1"
  resolved "https://registry.yarnpkg.com/bs-platform/-/bs-platform-5.2.1.tgz#3f76f6d4f4c7255296375a8104c8be332770b691"
  integrity sha512-3ISP+RBC/NYILiJnphCY0W3RTYpQ11JGa2dBBLVug5fpFZ0qtSaL3ZplD8MyjNeXX2bC7xgrWfgBSn8Tc9om7Q==

charset@^1.0.1:
  version "1.0.1"
  resolved "https://registry.yarnpkg.com/charset/-/charset-1.0.1.tgz#8d59546c355be61049a8fa9164747793319852bd"
  integrity sha512-6dVyOOYjpfFcL1Y4qChrAoQLRHvj2ziyhcm0QJlhOcAhykL/k1kTUPbeo+87MNRTRdk2OIIsIXbuF3x2wi5EXg==

ecstatic@^4.1.2:
  version "4.1.2"
  resolved "https://registry.yarnpkg.com/ecstatic/-/ecstatic-4.1.2.tgz#3afbe29849b32bc2a1f8a90f67e01dc048c7ad40"
  integrity sha512-lnrAOpU2f7Ra8dm1pW0D1ucyUxQIEk8RjFrvROg1YqCV0ueVu9hzgiSEbSyROqXDDiHREdqC4w3AwOTb23P4UQ==
  dependencies:
    charset "^1.0.1"
    he "^1.1.1"
    mime "^2.4.1"
    minimist "^1.1.0"
    on-finished "^2.3.0"
    url-join "^4.0.0"

ee-first@1.1.1:
  version "1.1.1"
  resolved "https://registry.yarnpkg.com/ee-first/-/ee-first-1.1.1.tgz#590c61156b0ae2f4f0255732a158b266bc56b21d"
  integrity sha1-WQxhFWsK4vTwJVcyoViyZrxWsh0=

he@^1.1.1:
  version "1.2.0"
  resolved "https://registry.yarnpkg.com/he/-/he-1.2.0.tgz#84ae65fa7eafb165fddb61566ae14baf05664f0f"
  integrity sha512-F/1DnUGPopORZi0ni+CvrCgHQ5FyEAHRLSApuYWMmrbSwoN2Mn/7k+Gl38gJnR7yyDZk6WLXwiGod1JOWNDKGw==

"js-tokens@^3.0.0 || ^4.0.0":
  version "4.0.0"
  resolved "https://registry.yarnpkg.com/js-tokens/-/js-tokens-4.0.0.tgz#19203fb59991df98e3a287050d4647cdeaf32499"
  integrity sha512-RdJUflcE3cUzKiMqQgsCu06FPu9UdIJO0beYbPhHN4k6apgJtifcoCtT9bcxOpYBtpD2kCM6Sbzg4CausW/PKQ==

loose-envify@^1.1.0, loose-envify@^1.4.0:
  version "1.4.0"
  resolved "https://registry.yarnpkg.com/loose-envify/-/loose-envify-1.4.0.tgz#71ee51fa7be4caec1a63839f7e682d8132d30caf"
  integrity sha512-lyuxPGr/Wfhrlem2CL/UcnUc1zcqKAImBDzukY7Y5F/yQiNdko6+fRLevlw1HgMySw7f611UIY408EtxRSoK3Q==
  dependencies:
    js-tokens "^3.0.0 || ^4.0.0"

mime@^2.4.1:
  version "2.4.4"
  resolved "https://registry.yarnpkg.com/mime/-/mime-2.4.4.tgz#bd7b91135fc6b01cde3e9bae33d659b63d8857e5"
  integrity sha512-LRxmNwziLPT828z+4YkNzloCFC2YM4wrB99k+AV5ZbEyfGNWfG8SO1FUXLmLDBSo89NrJZ4DIWeLjy1CHGhMGA==

minimist@^1.1.0:
  version "1.2.0"
  resolved "https://registry.yarnpkg.com/minimist/-/minimist-1.2.0.tgz#a35008b20f41383eec1fb914f4cd5df79a264284"
  integrity sha1-o1AIsg9BOD7sH7kU9M1d95omQoQ=

moduleserve@^0.8.4:
  version "0.8.5"
  resolved "https://registry.yarnpkg.com/moduleserve/-/moduleserve-0.8.5.tgz#9e5e3ea7c833af46de4593f6b20699dae4a423e7"
  integrity sha512-90SF8Ep20JpO2doAZv8WoawiYgw9gvjrNa1lMTYiupN6+39jMy+rofNkbr4M8KiETm57XE/Ov0xxHFl5HQHazQ==
  dependencies:
    ecstatic "^4.1.2"

object-assign@^4.1.1:
  version "4.1.1"
  resolved "https://registry.yarnpkg.com/object-assign/-/object-assign-4.1.1.tgz#2109adc7965887cfc05cbbd442cac8bfbb360863"
  integrity sha1-IQmtx5ZYh8/AXLvUQsrIv7s2CGM=

on-finished@^2.3.0:
  version "2.3.0"
  resolved "https://registry.yarnpkg.com/on-finished/-/on-finished-2.3.0.tgz#20f1336481b083cd75337992a16971aa2d906947"
  integrity sha1-IPEzZIGwg811M3mSoWlxqi2QaUc=
  dependencies:
    ee-first "1.1.1"

prop-types@^15.6.2:
  version "15.7.2"
  resolved "https://registry.yarnpkg.com/prop-types/-/prop-types-15.7.2.tgz#52c41e75b8c87e72b9d9360e0206b99dcbffa6c5"
  integrity sha512-8QQikdH7//R2vurIJSutZ1smHYTcLpRWEOlHnzcWHmBYrOGUysKwSsrC89BCiFj3CbrfJ/nXFdJepOVrY1GCHQ==
  dependencies:
    loose-envify "^1.4.0"
    object-assign "^4.1.1"
    react-is "^16.8.1"

react-dom@>=16.8.1, react-dom@^16.8.1:
  version "16.12.0"
  resolved "https://registry.yarnpkg.com/react-dom/-/react-dom-16.12.0.tgz#0da4b714b8d13c2038c9396b54a92baea633fe11"
  integrity sha512-LMxFfAGrcS3kETtQaCkTKjMiifahaMySFDn71fZUNpPHZQEzmk/GiAeIT8JSOrHB23fnuCOMruL2a8NYlw+8Gw==
  dependencies:
    loose-envify "^1.1.0"
    object-assign "^4.1.1"
    prop-types "^15.6.2"
    scheduler "^0.18.0"

react-is@^16.8.1:
  version "16.12.0"
  resolved "https://registry.yarnpkg.com/react-is/-/react-is-16.12.0.tgz#2cc0fe0fba742d97fd527c42a13bec4eeb06241c"
  integrity sha512-rPCkf/mWBtKc97aLL9/txD8DZdemK0vkA3JMLShjlJB3Pj3s+lpf1KaBzMfQrAmhMQB0n1cU/SUGgKKBCe837Q==

react@>=16.8.1, react@^16.8.1:
  version "16.12.0"
  resolved "https://registry.yarnpkg.com/react/-/react-16.12.0.tgz#0c0a9c6a142429e3614834d5a778e18aa78a0b83"
  integrity sha512-fglqy3k5E+81pA8s+7K0/T3DBCF0ZDOher1elBFzF7O6arXJgzyu/FW+COxFvAWXJoJN9KIZbT2LXlukwphYTA==
  dependencies:
    loose-envify "^1.1.0"
    object-assign "^4.1.1"
    prop-types "^15.6.2"

reason-react@>=0.7.0:
  version "0.7.0"
  resolved "https://registry.yarnpkg.com/reason-react/-/reason-react-0.7.0.tgz#46a975c321e81cd51310d7b1a02418ca7667b0d6"
  integrity sha512-czR/f0lY5iyLCki9gwftOFF5Zs40l7ZSFmpGK/Z6hx2jBVeFDmIiXB8bAQW/cO6IvtuEt97OmsYueiuOYG9XjQ==
  dependencies:
    react ">=16.8.1"
    react-dom ">=16.8.1"

scheduler@^0.18.0:
  version "0.18.0"
  resolved "https://registry.yarnpkg.com/scheduler/-/scheduler-0.18.0.tgz#5901ad6659bc1d8f3fdaf36eb7a67b0d6746b1c4"
  integrity sha512-agTSHR1Nbfi6ulI0kYNK0203joW2Y5W4po4l+v03tOoiJKpTBbxpNhWDvqc/4IcOw+KLmSiQLTasZ4cab2/UWQ==
  dependencies:
    loose-envify "^1.1.0"
    object-assign "^4.1.1"

url-join@^4.0.0:
  version "4.0.1"
  resolved "https://registry.yarnpkg.com/url-join/-/url-join-4.0.1.tgz#b642e21a2646808ffa178c4c5fda39844e12cde7"
  integrity sha512-jk1+QP6ZJqyOiuEI9AEWQfju/nB2Pw466kbA0LEZljHwKeMgd9WrAEgEGxjPDD2+TNbbb37rTyhEfrCXfuKXnA==
