# THIS IS AN AUTOGENERATED FILE. DO NOT EDIT THIS FILE DIRECTLY.
# yarn lockfile v1


bs-platform@^7.0.1:
  version "7.0.1"
  resolved "https://registry.yarnpkg.com/bs-platform/-/bs-platform-7.0.1.tgz#1d7b0ef6088b998dceee5db74a7cd8f01c20a3bd"
  integrity sha512-UjStdtHhbtC/l6vKJ1XRDqrPk7rFf5PLYHtRX3akDXEYVnTbN36z0g4DEr5mU8S0N945e33HYts9x+i7hKKpZQ==

charset@^1.0.1:
  version "1.0.1"
  resolved "https://registry.yarnpkg.com/charset/-/charset-1.0.1.tgz#8d59546c355be61049a8fa9164747793319852bd"
  integrity sha512-6dVyOOYjpfFcL1Y4qChrAoQLRHvj2ziyhcm0QJlhOcAhykL/k1kTUPbeo+87MNRTRdk2OIIsIXbuF3x2wi5EXg==

commander@^2.20.0:
  version "2.20.3"
  resolved "https://registry.yarnpkg.com/commander/-/commander-2.20.3.tgz#fd485e84c03eb4881c20722ba48035e8531aeb33"
  integrity sha512-GpVkmM8vF2vQUkj2LvZmD35JxeJOLCwJ9cUkugyk2nuhbv3+mJvpLYYt+0+USMxE+oj+ey/lJEnhZw75x/OMcQ==

ecstatic@^4.1.2:
  version "4.1.2"
  resolved "https://registry.yarnpkg.com/ecstatic/-/ecstatic-4.1.2.tgz#3afbe29849b32bc2a1f8a90f67e01dc048c7ad40"
  integrity sha512-lnrAOpU2f7Ra8dm1pW0D1ucyUxQIEk8RjFrvROg1YqCV0ueVu9hzgiSEbSyROqXDDiHREdqC4w3AwOTb23P4UQ==
  dependencies:
    charset "^1.0.1"
    he "^1.1.1"
    mime "^2.4.1"
    minimist "^1.1.0"
    on-finished "^2.3.0"
    url-join "^4.0.0"

ee-first@1.1.1:
  version "1.1.1"
  resolved "https://registry.yarnpkg.com/ee-first/-/ee-first-1.1.1.tgz#590c61156b0ae2f4f0255732a158b266bc56b21d"
  integrity sha1-WQxhFWsK4vTwJVcyoViyZrxWsh0=

executioner@^2.0.1:
  version "2.0.1"
  resolved "https://registry.yarnpkg.com/executioner/-/executioner-2.0.1.tgz#add328e03bc45dd598f358fbb529fc0be0ec6fcd"
  integrity sha1-rdMo4DvEXdWY81j7tSn8C+Dsb80=
  dependencies:
    mixly "^1.0.0"

fulcon@^1.0.1:
  version "1.0.2"
  resolved "https://registry.yarnpkg.com/fulcon/-/fulcon-1.0.2.tgz#8a4dfda4c73fcd9cc62a79d5045c392b45547320"
  integrity sha1-ik39pMc/zZzGKnnVBFw5K0VUcyA=

he@^1.1.1:
  version "1.2.0"
  resolved "https://registry.yarnpkg.com/he/-/he-1.2.0.tgz#84ae65fa7eafb165fddb61566ae14baf05664f0f"
  integrity sha512-F/1DnUGPopORZi0ni+CvrCgHQ5FyEAHRLSApuYWMmrbSwoN2Mn/7k+Gl38gJnR7yyDZk6WLXwiGod1JOWNDKGw==

install-peers-cli@^2.1.1:
  version "2.1.1"
  resolved "https://registry.yarnpkg.com/install-peers-cli/-/install-peers-cli-2.1.1.tgz#01f88b52a930b7f09e57abb4da874ff9ef83a6b9"
  integrity sha512-sCphUqbDtlSyv0KYE0tdsLUG/F6wMGR7hr3swkx1sAKJCj4b3hy41vTj0JtxL6pAoi86yGW8i1CCIv8Fg29NAA==
  dependencies:
    commander "^2.20.0"
    executioner "^2.0.1"

mime@^2.4.1:
  version "2.4.4"
  resolved "https://registry.yarnpkg.com/mime/-/mime-2.4.4.tgz#bd7b91135fc6b01cde3e9bae33d659b63d8857e5"
  integrity sha512-LRxmNwziLPT828z+4YkNzloCFC2YM4wrB99k+AV5ZbEyfGNWfG8SO1FUXLmLDBSo89NrJZ4DIWeLjy1CHGhMGA==

minimist@^1.1.0:
  version "1.2.0"
  resolved "https://registry.yarnpkg.com/minimist/-/minimist-1.2.0.tgz#a35008b20f41383eec1fb914f4cd5df79a264284"
  integrity sha1-o1AIsg9BOD7sH7kU9M1d95omQoQ=

mixly@^1.0.0:
  version "1.0.0"
  resolved "https://registry.yarnpkg.com/mixly/-/mixly-1.0.0.tgz#9b5a2e1f63e6dfba0d30e6797ffae62ab1dc24ef"
  integrity sha1-m1ouH2Pm37oNMOZ5f/rmKrHcJO8=
  dependencies:
    fulcon "^1.0.1"

moduleserve@^0.8.4:
  version "0.8.5"
  resolved "https://registry.yarnpkg.com/moduleserve/-/moduleserve-0.8.5.tgz#9e5e3ea7c833af46de4593f6b20699dae4a423e7"
  integrity sha512-90SF8Ep20JpO2doAZv8WoawiYgw9gvjrNa1lMTYiupN6+39jMy+rofNkbr4M8KiETm57XE/Ov0xxHFl5HQHazQ==
  dependencies:
    ecstatic "^4.1.2"

on-finished@^2.3.0:
  version "2.3.0"
  resolved "https://registry.yarnpkg.com/on-finished/-/on-finished-2.3.0.tgz#20f1336481b083cd75337992a16971aa2d906947"
  integrity sha1-IPEzZIGwg811M3mSoWlxqi2QaUc=
  dependencies:
    ee-first "1.1.1"

url-join@^4.0.0:
  version "4.0.1"
  resolved "https://registry.yarnpkg.com/url-join/-/url-join-4.0.1.tgz#b642e21a2646808ffa178c4c5fda39844e12cde7"
  integrity sha512-jk1+QP6ZJqyOiuEI9AEWQfju/nB2Pw466kbA0LEZljHwKeMgd9WrAEgEGxjPDD2+TNbbb37rTyhEfrCXfuKXnA==
